
Microsoft Visual Studio Solution File, Format Version 12.00
# Visual Studio Version 16
VisualStudioVersion = 16.0.29728.190
MinimumVisualStudioVersion = 10.0.40219.1
Project("{FAE04EC0-301F-11D3-BF4B-00C04F79EFBC}") = "mvc_dz1", "mvc_dz1\mvc_dz1.csproj", "{E6FC82F1-9C7D-413D-8E28-FBC65AAB7FFD}"
EndProject
Global
	GlobalSection(SolutionConfigurationPlatforms) = preSolution
		Debug|Any CPU = Debug|Any CPU
		Release|Any CPU = Release|Any CPU
	EndGlobalSection
	GlobalSection(ProjectConfigurationPlatforms) = postSolution
		{E6FC82F1-9C7D-413D-8E28-FBC65AAB7FFD}.Debug|Any CPU.ActiveCfg = Debug|Any CPU
		{E6FC82F1-9C7D-413D-8E28-FBC65AAB7FFD}.Debug|Any CPU.Build.0 = Debug|Any CPU
		{E6FC82F1-9C7D-413D-8E28-FBC65AAB7FFD}.Release|Any CPU.ActiveCfg = Release|Any CPU
		{E6FC82F1-9C7D-413D-8E28-FBC65AAB7FFD}.Release|Any CPU.Build.0 = Release|Any CPU
	EndGlobalSection
	GlobalSection(SolutionProperties) = preSolution
		HideSolutionNode = FALSE
	EndGlobalSection
	GlobalSection(ExtensibilityGlobals) = postSolution
		SolutionGuid = {A3EF187C-F94F-48B0-A0AD-A6E255A9264C}
	EndGlobalSection
EndGlobal
